
Microsoft Visual Studio Solution File, Format Version 12.00
# Visual Studio Version 17
VisualStudioVersion = 17.10.35027.167
MinimumVisualStudioVersion = 10.0.40219.1
Project("{FAE04EC0-301F-11D3-BF4B-00C04F79EFBC}") = "DragEngine", "DragEngine\DragEngine.csproj", "{AE36B045-5716-47DC-A4CF-56D630E89CD0}"
EndProject
Global
	GlobalSection(SolutionConfigurationPlatforms) = preSolution
		Debug|Any CPU = Debug|Any CPU
		Release|Any CPU = Release|Any CPU
	EndGlobalSection
	GlobalSection(ProjectConfigurationPlatforms) = postSolution
		{AE36B045-5716-47DC-A4CF-56D630E89CD0}.Debug|Any CPU.ActiveCfg = Debug|Any CPU
		{AE36B045-5716-47DC-A4CF-56D630E89CD0}.Debug|Any CPU.Build.0 = Debug|Any CPU
		{AE36B045-5716-47DC-A4CF-56D630E89CD0}.Release|Any CPU.ActiveCfg = Release|Any CPU
		{AE36B045-5716-47DC-A4CF-56D630E89CD0}.Release|Any CPU.Build.0 = Release|Any CPU
	EndGlobalSection
	GlobalSection(SolutionProperties) = preSolution
		HideSolutionNode = FALSE
	EndGlobalSection
	GlobalSection(ExtensibilityGlobals) = postSolution
		SolutionGuid = {56DB03B1-6A4F-445D-85AC-768D063533DF}
	EndGlobalSection
EndGlobal
